
Microsoft Visual Studio Solution File, Format Version 12.00
# Visual Studio Version 17
VisualStudioVersion = 17.4.33122.133
MinimumVisualStudioVersion = 10.0.40219.1
Project("{FAE04EC0-301F-11D3-BF4B-00C04F79EFBC}") = "GerenciadorVeiculos", "GerenciadorVeiculos.csproj", "{8231235C-80A7-4DDC-9371-7BFB5E4F4F3B}"
EndProject
Global
	GlobalSection(SolutionConfigurationPlatforms) = preSolution
		Debug|Any CPU = Debug|Any CPU
		Release|Any CPU = Release|Any CPU
	EndGlobalSection
	GlobalSection(ProjectConfigurationPlatforms) = postSolution
		{8231235C-80A7-4DDC-9371-7BFB5E4F4F3B}.Debug|Any CPU.ActiveCfg = Debug|Any CPU
		{8231235C-80A7-4DDC-9371-7BFB5E4F4F3B}.Debug|Any CPU.Build.0 = Debug|Any CPU
		{8231235C-80A7-4DDC-9371-7BFB5E4F4F3B}.Release|Any CPU.ActiveCfg = Release|Any CPU
		{8231235C-80A7-4DDC-9371-7BFB5E4F4F3B}.Release|Any CPU.Build.0 = Release|Any CPU
	EndGlobalSection
	GlobalSection(SolutionProperties) = preSolution
		HideSolutionNode = FALSE
	EndGlobalSection
	GlobalSection(ExtensibilityGlobals) = postSolution
		SolutionGuid = {AC6F1613-F225-4FD3-AA86-C355B2339289}
	EndGlobalSection
EndGlobal
